
Microsoft Visual Studio Solution File, Format Version 12.00
# Visual Studio Version 16
VisualStudioVersion = 16.0.34114.132
MinimumVisualStudioVersion = 10.0.40219.1
Project("{FAE04EC0-301F-11D3-BF4B-00C04F79EFBC}") = "sayı-sayma", "sayı-sayma.csproj", "{9E40F124-B182-4CFC-B698-BC997B16281C}"
EndProject
Global
	GlobalSection(SolutionConfigurationPlatforms) = preSolution
		Debug|Any CPU = Debug|Any CPU
		Release|Any CPU = Release|Any CPU
	EndGlobalSection
	GlobalSection(ProjectConfigurationPlatforms) = postSolution
		{9E40F124-B182-4CFC-B698-BC997B16281C}.Debug|Any CPU.ActiveCfg = Debug|Any CPU
		{9E40F124-B182-4CFC-B698-BC997B16281C}.Debug|Any CPU.Build.0 = Debug|Any CPU
		{9E40F124-B182-4CFC-B698-BC997B16281C}.Release|Any CPU.ActiveCfg = Release|Any CPU
		{9E40F124-B182-4CFC-B698-BC997B16281C}.Release|Any CPU.Build.0 = Release|Any CPU
	EndGlobalSection
	GlobalSection(SolutionProperties) = preSolution
		HideSolutionNode = FALSE
	EndGlobalSection
	GlobalSection(ExtensibilityGlobals) = postSolution
		SolutionGuid = {8FE60C3D-3339-4F65-9048-AF40001E0433}
	EndGlobalSection
EndGlobal
